
Microsoft Visual Studio Solution File, Format Version 12.00
# Visual Studio Version 17
VisualStudioVersion = 17.0.31903.59
MinimumVisualStudioVersion = 10.0.40219.1
Project("{9A19103F-16F7-4668-BE54-9A1E7A4F7556}") = "ParkingZoneApp", "ParkingZoneApp\ParkingZoneApp.csproj", "{8A92097F-C432-4B0B-976E-051EFFB0432E}"
EndProject
Project("{9A19103F-16F7-4668-BE54-9A1E7A4F7556}") = "ParkingZoneTest", "ParkingZoneTest\ParkingZoneTest.csproj", "{EAEB5138-9804-431F-BBF8-1C820AACEAE8}"
EndProject
Project("{FAE04EC0-301F-11D3-BF4B-00C04F79EFBC}") = "ParkingSlotsTest", "ParkingSlotsTest\ParkingSlotsTest.csproj", "{9AFAC092-A5BA-4696-8429-828E57FD4055}"
EndProject
Global
	GlobalSection(SolutionConfigurationPlatforms) = preSolution
		Debug|Any CPU = Debug|Any CPU
		Release|Any CPU = Release|Any CPU
	EndGlobalSection
	GlobalSection(ProjectConfigurationPlatforms) = postSolution
		{8A92097F-C432-4B0B-976E-051EFFB0432E}.Debug|Any CPU.ActiveCfg = Debug|Any CPU
		{8A92097F-C432-4B0B-976E-051EFFB0432E}.Debug|Any CPU.Build.0 = Debug|Any CPU
		{8A92097F-C432-4B0B-976E-051EFFB0432E}.Release|Any CPU.ActiveCfg = Release|Any CPU
		{8A92097F-C432-4B0B-976E-051EFFB0432E}.Release|Any CPU.Build.0 = Release|Any CPU
		{EAEB5138-9804-431F-BBF8-1C820AACEAE8}.Debug|Any CPU.ActiveCfg = Debug|Any CPU
		{EAEB5138-9804-431F-BBF8-1C820AACEAE8}.Debug|Any CPU.Build.0 = Debug|Any CPU
		{EAEB5138-9804-431F-BBF8-1C820AACEAE8}.Release|Any CPU.ActiveCfg = Release|Any CPU
		{EAEB5138-9804-431F-BBF8-1C820AACEAE8}.Release|Any CPU.Build.0 = Release|Any CPU
		{9AFAC092-A5BA-4696-8429-828E57FD4055}.Debug|Any CPU.ActiveCfg = Debug|Any CPU
		{9AFAC092-A5BA-4696-8429-828E57FD4055}.Debug|Any CPU.Build.0 = Debug|Any CPU
		{9AFAC092-A5BA-4696-8429-828E57FD4055}.Release|Any CPU.ActiveCfg = Release|Any CPU
		{9AFAC092-A5BA-4696-8429-828E57FD4055}.Release|Any CPU.Build.0 = Release|Any CPU
	EndGlobalSection
	GlobalSection(SolutionProperties) = preSolution
		HideSolutionNode = FALSE
	EndGlobalSection
	GlobalSection(ExtensibilityGlobals) = postSolution
		SolutionGuid = {17350C64-3929-43F0-9F49-82C75CA58A41}
	EndGlobalSection
EndGlobal
